version = 1
requires-python = ">=3.13"

[[package]]
name = "attrs"
version = "24.2.0"
source = { registry = "https://pypi.org/simple" }
sdist = { url = "https://files.pythonhosted.org/packages/fc/0f/aafca9af9315aee06a89ffde799a10a582fe8de76c563ee80bbcdc08b3fb/attrs-24.2.0.tar.gz", hash = "sha256:5cfb1b9148b5b086569baec03f20d7b6bf3bcacc9a42bebf87ffaaca362f6346", size = 792678 }
wheels = [
    { url = "https://files.pythonhosted.org/packages/6a/21/5b6702a7f963e95456c0de2d495f67bf5fd62840ac655dc451586d23d39a/attrs-24.2.0-py3-none-any.whl", hash = "sha256:81921eb96de3191c8258c199618104dd27ac608d9366f5e35d011eae1867ede2", size = 63001 },
]

[[package]]
name = "certifi"
version = "2024.8.30"
source = { registry = "https://pypi.org/simple" }
sdist = { url = "https://files.pythonhosted.org/packages/b0/ee/9b19140fe824b367c04c5e1b369942dd754c4c5462d5674002f75c4dedc1/certifi-2024.8.30.tar.gz", hash = "sha256:bec941d2aa8195e248a60b31ff9f0558284cf01a52591ceda73ea9afffd69fd9", size = 168507 }
wheels = [
    { url = "https://files.pythonhosted.org/packages/12/90/3c9ff0512038035f59d279fddeb79f5f1eccd8859f06d6163c58798b9487/certifi-2024.8.30-py3-none-any.whl", hash = "sha256:922820b53db7a7257ffbda3f597266d435245903d80737e34f8a45ff3e3230d8", size = 167321 },
]

[[package]]
name = "cffi"
version = "1.17.1"
source = { registry = "https://pypi.org/simple" }
dependencies = [
    { name = "pycparser" },
]
sdist = { url = "https://files.pythonhosted.org/packages/fc/97/c783634659c2920c3fc70419e3af40972dbaf758daa229a7d6ea6135c90d/cffi-1.17.1.tar.gz", hash = "sha256:1c39c6016c32bc48dd54561950ebd6836e1670f2ae46128f67cf49e789c52824", size = 516621 }
wheels = [
    { url = "https://files.pythonhosted.org/packages/bf/ee/f94057fa6426481d663b88637a9a10e859e492c73d0384514a17d78ee205/cffi-1.17.1-cp313-cp313-win32.whl", hash = "sha256:e03eab0a8677fa80d646b5ddece1cbeaf556c313dcfac435ba11f107ba117b5d", size = 172475 },
    { url = "https://files.pythonhosted.org/packages/7c/fc/6a8cb64e5f0324877d503c854da15d76c1e50eb722e320b15345c4d0c6de/cffi-1.17.1-cp313-cp313-win_amd64.whl", hash = "sha256:f6a16c31041f09ead72d69f583767292f750d24913dadacf5756b966aacb3f1a", size = 182009 },
]

[[package]]
name = "h11"
version = "0.14.0"
source = { registry = "https://pypi.org/simple" }
sdist = { url = "https://files.pythonhosted.org/packages/f5/38/3af3d3633a34a3316095b39c8e8fb4853a28a536e55d347bd8d8e9a14b03/h11-0.14.0.tar.gz", hash = "sha256:8f19fbbe99e72420ff35c00b27a34cb9937e902a8b810e2c88300c6f0a3b699d", size = 100418 }
wheels = [
    { url = "https://files.pythonhosted.org/packages/95/04/ff642e65ad6b90db43e668d70ffb6736436c7ce41fcc549f4e9472234127/h11-0.14.0-py3-none-any.whl", hash = "sha256:e3fe4ac4b851c468cc8363d500db52c2ead036020723024a109d37346efaa761", size = 58259 },
]

[[package]]
name = "idna"
version = "3.10"
source = { registry = "https://pypi.org/simple" }
sdist = { url = "https://files.pythonhosted.org/packages/f1/70/7703c29685631f5a7590aa73f1f1d3fa9a380e654b86af429e0934a32f7d/idna-3.10.tar.gz", hash = "sha256:12f65c9b470abda6dc35cf8e63cc574b1c52b11df2c86030af0ac09b01b13ea9", size = 190490 }
wheels = [
    { url = "https://files.pythonhosted.org/packages/76/c6/c88e154df9c4e1a2a66ccf0005a88dfb2650c1dffb6f5ce603dfbd452ce3/idna-3.10-py3-none-any.whl", hash = "sha256:946d195a0d259cbba61165e88e65941f16e9b36ea6ddb97f00452bae8b1287d3", size = 70442 },
]

[[package]]
name = "outcome"
version = "1.3.0.post0"
source = { registry = "https://pypi.org/simple" }
dependencies = [
    { name = "attrs" },
]
sdist = { url = "https://files.pythonhosted.org/packages/98/df/77698abfac98571e65ffeb0c1fba8ffd692ab8458d617a0eed7d9a8d38f2/outcome-1.3.0.post0.tar.gz", hash = "sha256:9dcf02e65f2971b80047b377468e72a268e15c0af3cf1238e6ff14f7f91143b8", size = 21060 }
wheels = [
    { url = "https://files.pythonhosted.org/packages/55/8b/5ab7257531a5d830fc8000c476e63c935488d74609b50f9384a643ec0a62/outcome-1.3.0.post0-py2.py3-none-any.whl", hash = "sha256:e771c5ce06d1415e356078d3bdd68523f284b4ce5419828922b6871e65eda82b", size = 10692 },
]

[[package]]
name = "pycparser"
version = "2.22"
source = { registry = "https://pypi.org/simple" }
sdist = { url = "https://files.pythonhosted.org/packages/1d/b2/31537cf4b1ca988837256c910a668b553fceb8f069bedc4b1c826024b52c/pycparser-2.22.tar.gz", hash = "sha256:491c8be9c040f5390f5bf44a5b07752bd07f56edf992381b05c701439eec10f6", size = 172736 }
wheels = [
    { url = "https://files.pythonhosted.org/packages/13/a3/a812df4e2dd5696d1f351d58b8fe16a405b234ad2886a0dab9183fb78109/pycparser-2.22-py3-none-any.whl", hash = "sha256:c3702b6d3dd8c7abc1afa565d7e63d53a1d0bd86cdc24edd75470f4de499cfcc", size = 117552 },
]

[[package]]
name = "pysocks"
version = "1.7.1"
source = { registry = "https://pypi.org/simple" }
sdist = { url = "https://files.pythonhosted.org/packages/bd/11/293dd436aea955d45fc4e8a35b6ae7270f5b8e00b53cf6c024c83b657a11/PySocks-1.7.1.tar.gz", hash = "sha256:3f8804571ebe159c380ac6de37643bb4685970655d3bba243530d6558b799aa0", size = 284429 }
wheels = [
    { url = "https://files.pythonhosted.org/packages/8d/59/b4572118e098ac8e46e399a1dd0f2d85403ce8bbaad9ec79373ed6badaf9/PySocks-1.7.1-py3-none-any.whl", hash = "sha256:2725bd0a9925919b9b51739eea5f9e2bae91e83288108a9ad338b2e3a4435ee5", size = 16725 },
]

[[package]]
name = "ruff"
version = "0.9.5"
source = { registry = "https://pypi.org/simple" }
sdist = { url = "https://files.pythonhosted.org/packages/02/74/6c359f6b9ed85b88df6ef31febce18faeb852f6c9855651dfb1184a46845/ruff-0.9.5.tar.gz", hash = "sha256:11aecd7a633932875ab3cb05a484c99970b9d52606ce9ea912b690b02653d56c", size = 3634177 }
wheels = [
    { url = "https://files.pythonhosted.org/packages/17/4b/82b7c9ac874e72b82b19fd7eab57d122e2df44d2478d90825854f9232d02/ruff-0.9.5-py3-none-linux_armv6l.whl", hash = "sha256:d466d2abc05f39018d53f681fa1c0ffe9570e6d73cde1b65d23bb557c846f442", size = 11681264 },
    { url = "https://files.pythonhosted.org/packages/27/5c/f5ae0a9564e04108c132e1139d60491c0abc621397fe79a50b3dc0bd704b/ruff-0.9.5-py3-none-macosx_10_12_x86_64.whl", hash = "sha256:38840dbcef63948657fa7605ca363194d2fe8c26ce8f9ae12eee7f098c85ac8a", size = 11657554 },
    { url = "https://files.pythonhosted.org/packages/2a/83/c6926fa3ccb97cdb3c438bb56a490b395770c750bf59f9bc1fe57ae88264/ruff-0.9.5-py3-none-macosx_11_0_arm64.whl", hash = "sha256:d56ba06da53536b575fbd2b56517f6f95774ff7be0f62c80b9e67430391eeb36", size = 11088959 },
    { url = "https://files.pythonhosted.org/packages/af/a7/42d1832b752fe969ffdbfcb1b4cb477cb271bed5835110fb0a16ef31ab81/ruff-0.9.5-py3-none-manylinux_2_17_aarch64.manylinux2014_aarch64.whl", hash = "sha256:4f7cb2a01da08244c50b20ccfaeb5972e4228c3c3a1989d3ece2bc4b1f996001", size = 11902041 },
    { url = "https://files.pythonhosted.org/packages/53/cf/1fffa09fb518d646f560ccfba59f91b23c731e461d6a4dedd21a393a1ff1/ruff-0.9.5-py3-none-manylinux_2_17_armv7l.manylinux2014_armv7l.whl", hash = "sha256:96d5c76358419bc63a671caac70c18732d4fd0341646ecd01641ddda5c39ca0b", size = 11421069 },
    { url = "https://files.pythonhosted.org/packages/09/27/bb8f1b7304e2a9431f631ae7eadc35550fe0cf620a2a6a0fc4aa3d736f94/ruff-0.9.5-py3-none-manylinux_2_17_i686.manylinux2014_i686.whl", hash = "sha256:deb8304636ed394211f3a6d46c0e7d9535b016f53adaa8340139859b2359a070", size = 12625095 },
    { url = "https://files.pythonhosted.org/packages/d7/ce/ab00bc9d3df35a5f1b64f5117458160a009f93ae5caf65894ebb63a1842d/ruff-0.9.5-py3-none-manylinux_2_17_ppc64.manylinux2014_ppc64.whl", hash = "sha256:df455000bf59e62b3e8c7ba5ed88a4a2bc64896f900f311dc23ff2dc38156440", size = 13257797 },
    { url = "https://files.pythonhosted.org/packages/88/81/c639a082ae6d8392bc52256058ec60f493c6a4d06d5505bccface3767e61/ruff-0.9.5-py3-none-manylinux_2_17_ppc64le.manylinux2014_ppc64le.whl", hash = "sha256:de92170dfa50c32a2b8206a647949590e752aca8100a0f6b8cefa02ae29dce80", size = 12763793 },
    { url = "https://files.pythonhosted.org/packages/b3/d0/0a3d8f56d1e49af466dc770eeec5c125977ba9479af92e484b5b0251ce9c/ruff-0.9.5-py3-none-manylinux_2_17_s390x.manylinux2014_s390x.whl", hash = "sha256:3d28532d73b1f3f627ba88e1456f50748b37f3a345d2be76e4c653bec6c3e393", size = 14386234 },
    { url = "https://files.pythonhosted.org/packages/04/70/e59c192a3ad476355e7f45fb3a87326f5219cc7c472e6b040c6c6595c8f0/ruff-0.9.5-py3-none-manylinux_2_17_x86_64.manylinux2014_x86_64.whl", hash = "sha256:2c746d7d1df64f31d90503ece5cc34d7007c06751a7a3bbeee10e5f2463d52d2", size = 12437505 },
    { url = "https://files.pythonhosted.org/packages/55/4e/3abba60a259d79c391713e7a6ccabf7e2c96e5e0a19100bc4204f1a43a51/ruff-0.9.5-py3-none-musllinux_1_2_aarch64.whl", hash = "sha256:11417521d6f2d121fda376f0d2169fb529976c544d653d1d6044f4c5562516ee", size = 11884799 },
    { url = "https://files.pythonhosted.org/packages/a3/db/b0183a01a9f25b4efcae919c18fb41d32f985676c917008620ad692b9d5f/ruff-0.9.5-py3-none-musllinux_1_2_armv7l.whl", hash = "sha256:5b9d71c3879eb32de700f2f6fac3d46566f644a91d3130119a6378f9312a38e1", size = 11527411 },
    { url = "https://files.pythonhosted.org/packages/0a/e4/3ebfcebca3dff1559a74c6becff76e0b64689cea02b7aab15b8b32ea245d/ruff-0.9.5-py3-none-musllinux_1_2_i686.whl", hash = "sha256:2e36c61145e70febcb78483903c43444c6b9d40f6d2f800b5552fec6e4a7bb9a", size = 12078868 },
    { url = "https://files.pythonhosted.org/packages/ec/b2/5ab808833e06c0a1b0d046a51c06ec5687b73c78b116e8d77687dc0cd515/ruff-0.9.5-py3-none-musllinux_1_2_x86_64.whl", hash = "sha256:2f71d09aeba026c922aa7aa19a08d7bd27c867aedb2f74285a2639644c1c12f5", size = 12524374 },
    { url = "https://files.pythonhosted.org/packages/e0/51/1432afcc3b7aa6586c480142caae5323d59750925c3559688f2a9867343f/ruff-0.9.5-py3-none-win32.whl", hash = "sha256:134f958d52aa6fdec3b294b8ebe2320a950d10c041473c4316d2e7d7c2544723", size = 9853682 },
    { url = "https://files.pythonhosted.org/packages/b7/ad/c7a900591bd152bb47fc4882a27654ea55c7973e6d5d6396298ad3fd6638/ruff-0.9.5-py3-none-win_amd64.whl", hash = "sha256:78cc6067f6d80b6745b67498fb84e87d32c6fc34992b52bffefbdae3442967d6", size = 10865744 },
    { url = "https://files.pythonhosted.org/packages/75/d9/fde7610abd53c0c76b6af72fc679cb377b27c617ba704e25da834e0a0608/ruff-0.9.5-py3-none-win_arm64.whl", hash = "sha256:18a29f1a005bddb229e580795627d297dfa99f16b30c7039e73278cf6b5f9fa9", size = 10064595 },
]

[[package]]
name = "selenium"
version = "4.27.1"
source = { registry = "https://pypi.org/simple" }
dependencies = [
    { name = "certifi" },
    { name = "trio" },
    { name = "trio-websocket" },
    { name = "typing-extensions" },
    { name = "urllib3", extra = ["socks"] },
    { name = "websocket-client" },
]
sdist = { url = "https://files.pythonhosted.org/packages/44/8c/62c47c91072aa03af1c3b7d7f1c59b987db41c9fec0f158fb03a0da51aa6/selenium-4.27.1.tar.gz", hash = "sha256:5296c425a75ff1b44d0d5199042b36a6d1ef76c04fb775b97b40be739a9caae2", size = 973526 }
wheels = [
    { url = "https://files.pythonhosted.org/packages/a6/1e/5f1a5dd2a28528c4b3ec6e076b58e4c035810c805328f9936123283ca14e/selenium-4.27.1-py3-none-any.whl", hash = "sha256:b89b1f62b5cfe8025868556fe82360d6b649d464f75d2655cb966c8f8447ea18", size = 9707007 },
]

[[package]]
name = "sniffio"
version = "1.3.1"
source = { registry = "https://pypi.org/simple" }
sdist = { url = "https://files.pythonhosted.org/packages/a2/87/a6771e1546d97e7e041b6ae58d80074f81b7d5121207425c964ddf5cfdbd/sniffio-1.3.1.tar.gz", hash = "sha256:f4324edc670a0f49750a81b895f35c3adb843cca46f0530f79fc1babb23789dc", size = 20372 }
wheels = [
    { url = "https://files.pythonhosted.org/packages/e9/44/75a9c9421471a6c4805dbf2356f7c181a29c1879239abab1ea2cc8f38b40/sniffio-1.3.1-py3-none-any.whl", hash = "sha256:2f6da418d1f1e0fddd844478f41680e794e6051915791a034ff65e5f100525a2", size = 10235 },
]

[[package]]
name = "sortedcontainers"
version = "2.4.0"
source = { registry = "https://pypi.org/simple" }
sdist = { url = "https://files.pythonhosted.org/packages/e8/c4/ba2f8066cceb6f23394729afe52f3bf7adec04bf9ed2c820b39e19299111/sortedcontainers-2.4.0.tar.gz", hash = "sha256:25caa5a06cc30b6b83d11423433f65d1f9d76c4c6a0c90e3379eaa43b9bfdb88", size = 30594 }
wheels = [
    { url = "https://files.pythonhosted.org/packages/32/46/9cb0e58b2deb7f82b84065f37f3bffeb12413f947f9388e4cac22c4621ce/sortedcontainers-2.4.0-py2.py3-none-any.whl", hash = "sha256:a163dcaede0f1c021485e957a39245190e74249897e2ae4b2aa38595db237ee0", size = 29575 },
]

[[package]]
name = "trio"
version = "0.27.0"
source = { registry = "https://pypi.org/simple" }
dependencies = [
    { name = "attrs" },
    { name = "cffi", marker = "implementation_name != 'pypy' and os_name == 'nt'" },
    { name = "idna" },
    { name = "outcome" },
    { name = "sniffio" },
    { name = "sortedcontainers" },
]
sdist = { url = "https://files.pythonhosted.org/packages/17/d1/a83dee5be404da7afe5a71783a33b8907bacb935a6dc8c69ab785e4a3eed/trio-0.27.0.tar.gz", hash = "sha256:1dcc95ab1726b2da054afea8fd761af74bad79bd52381b84eae408e983c76831", size = 568064 }
wheels = [
    { url = "https://files.pythonhosted.org/packages/3c/83/ec3196c360afffbc5b342ead48d1eb7393dd74fa70bca75d33905a86f211/trio-0.27.0-py3-none-any.whl", hash = "sha256:68eabbcf8f457d925df62da780eff15ff5dc68fd6b367e2dde59f7aaf2a0b884", size = 481734 },
]

[[package]]
name = "trio-websocket"
version = "0.11.1"
source = { registry = "https://pypi.org/simple" }
dependencies = [
    { name = "trio" },
    { name = "wsproto" },
]
sdist = { url = "https://files.pythonhosted.org/packages/dd/36/abad2385853077424a11b818d9fd8350d249d9e31d583cb9c11cd4c85eda/trio-websocket-0.11.1.tar.gz", hash = "sha256:18c11793647703c158b1f6e62de638acada927344d534e3c7628eedcb746839f", size = 26511 }
wheels = [
    { url = "https://files.pythonhosted.org/packages/48/be/a9ae5f50cad5b6f85bd2574c2c923730098530096e170c1ce7452394d7aa/trio_websocket-0.11.1-py3-none-any.whl", hash = "sha256:520d046b0d030cf970b8b2b2e00c4c2245b3807853ecd44214acd33d74581638", size = 17408 },
]

[[package]]
name = "typing-extensions"
version = "4.12.2"
source = { registry = "https://pypi.org/simple" }
sdist = { url = "https://files.pythonhosted.org/packages/df/db/f35a00659bc03fec321ba8bce9420de607a1d37f8342eee1863174c69557/typing_extensions-4.12.2.tar.gz", hash = "sha256:1a7ead55c7e559dd4dee8856e3a88b41225abfe1ce8df57b7c13915fe121ffb8", size = 85321 }
wheels = [
    { url = "https://files.pythonhosted.org/packages/26/9f/ad63fc0248c5379346306f8668cda6e2e2e9c95e01216d2b8ffd9ff037d0/typing_extensions-4.12.2-py3-none-any.whl", hash = "sha256:04e5ca0351e0f3f85c6853954072df659d0d13fac324d0072316b67d7794700d", size = 37438 },
]

[[package]]
name = "urllib3"
version = "2.2.3"
source = { registry = "https://pypi.org/simple" }
sdist = { url = "https://files.pythonhosted.org/packages/ed/63/22ba4ebfe7430b76388e7cd448d5478814d3032121827c12a2cc287e2260/urllib3-2.2.3.tar.gz", hash = "sha256:e7d814a81dad81e6caf2ec9fdedb284ecc9c73076b62654547cc64ccdcae26e9", size = 300677 }
wheels = [
    { url = "https://files.pythonhosted.org/packages/ce/d9/5f4c13cecde62396b0d3fe530a50ccea91e7dfc1ccf0e09c228841bb5ba8/urllib3-2.2.3-py3-none-any.whl", hash = "sha256:ca899ca043dcb1bafa3e262d73aa25c465bfb49e0bd9dd5d59f1d0acba2f8fac", size = 126338 },
]

[package.optional-dependencies]
socks = [
    { name = "pysocks" },
]

[[package]]
name = "website-checker"
version = "0.1.0"
source = { virtual = "." }
dependencies = [
    { name = "selenium" },
]

[package.dev-dependencies]
dev = [
    { name = "ruff" },
]

[package.metadata]
requires-dist = [{ name = "selenium", specifier = ">=4.27.1" }]

[package.metadata.requires-dev]
dev = [{ name = "ruff", specifier = ">=0.9.5" }]

[[package]]
name = "websocket-client"
version = "1.8.0"
source = { registry = "https://pypi.org/simple" }
sdist = { url = "https://files.pythonhosted.org/packages/e6/30/fba0d96b4b5fbf5948ed3f4681f7da2f9f64512e1d303f94b4cc174c24a5/websocket_client-1.8.0.tar.gz", hash = "sha256:3239df9f44da632f96012472805d40a23281a991027ce11d2f45a6f24ac4c3da", size = 54648 }
wheels = [
    { url = "https://files.pythonhosted.org/packages/5a/84/44687a29792a70e111c5c477230a72c4b957d88d16141199bf9acb7537a3/websocket_client-1.8.0-py3-none-any.whl", hash = "sha256:17b44cc997f5c498e809b22cdf2d9c7a9e71c02c8cc2b6c56e7c2d1239bfa526", size = 58826 },
]

[[package]]
name = "wsproto"
version = "1.2.0"
source = { registry = "https://pypi.org/simple" }
dependencies = [
    { name = "h11" },
]
sdist = { url = "https://files.pythonhosted.org/packages/c9/4a/44d3c295350d776427904d73c189e10aeae66d7f555bb2feee16d1e4ba5a/wsproto-1.2.0.tar.gz", hash = "sha256:ad565f26ecb92588a3e43bc3d96164de84cd9902482b130d0ddbaa9664a85065", size = 53425 }
wheels = [
    { url = "https://files.pythonhosted.org/packages/78/58/e860788190eba3bcce367f74d29c4675466ce8dddfba85f7827588416f01/wsproto-1.2.0-py3-none-any.whl", hash = "sha256:b9acddd652b585d75b20477888c56642fdade28bdfd3579aa24a4d2c037dd736", size = 24226 },
]
